{
  "name": "@material/dialog",
  "version": "0.24.0",
  "lockfileVersion": 1,
  "requires": true,
  "dependencies": {
    "@material/typography": {
      "version": "0.1.1",
      "resolved": "https://registry.npmjs.org/@material/typography/-/typography-0.1.1.tgz",
      "integrity": "sha1-+y40N70yhNOen7kUhXZ63msr0ME="
    },
    "focus-trap": {
      "version": "2.3.1",
      "resolved": "https://registry.npmjs.org/focus-trap/-/focus-trap-2.3.1.tgz",
      "integrity": "sha512-DR30Bcd5NqNaP1Pb3OsIEe/C1FaWqjxrjDUP6CCglF2N5e+ySDzmFCNEqJAQaskQttlJ1DAgWbVMlOXh4Etb8A==",
      "requires": {
        "tabbable": "1.1.1"
      }
    },
    "tabbable": {
      "version": "1.1.1",
      "resolved": "https://registry.npmjs.org/tabbable/-/tabbable-1.1.1.tgz",
      "integrity": "sha512-YnbzANAozgzJtFN9aSk4A1Ya3Z+yMh2GkrBa9AT3Bi4SF9z+iHmT8MoY/5bJL1h1aDYo+CPbAUR7qMx+LSxQgA=="
    }
  }
}
